// !$*UTF8*$!
{
	archiveVersion = 1;
	classes = {
	};
	objectVersion = 52;
	objects = {

/* Begin PBXBuildFile section */
		1A00A4392750716C00EF3F99 /* Common.swift in Sources */ = {isa = PBXBuildFile; fileRef = 1A00A4382750716C00EF3F99 /* Common.swift */; };
		1A09314E272A7DAC00B7BAED /* SettingsViewModel.swift in Sources */ = {isa = PBXBuildFile; fileRef = 1A09314D272A7DAC00B7BAED /* SettingsViewModel.swift */; };
		1A0CC330274541B200851126 /* Property List.plist in Resources */ = {isa = PBXBuildFile; fileRef = 1A0CC32F274541B200851126 /* Property List.plist */; };
		1A207F9B2761C5CB00A22F9C /* FirstViewSettingViewController.swift in Sources */ = {isa = PBXBuildFile; fileRef = 1A207F9A2761C5CB00A22F9C /* FirstViewSettingViewController.swift */; };
		1A207F9D2761C5DA00A22F9C /* FirstViewSetting.storyboard in Resources */ = {isa = PBXBuildFile; fileRef = 1A207F9C2761C5DA00A22F9C /* FirstViewSetting.storyboard */; };
		1A2B2F6526C2170F00414A54 /* DataManager.swift in Sources */ = {isa = PBXBuildFile; fileRef = 1A2B2F6426C2170F00414A54 /* DataManager.swift */; };
		1A3FF1DA275DC93900D45623 /* CellSortViewController.swift in Sources */ = {isa = PBXBuildFile; fileRef = 1A3FF1D9275DC93900D45623 /* CellSortViewController.swift */; };
		1A3FF1DC275DC94600D45623 /* CellSort.storyboard in Resources */ = {isa = PBXBuildFile; fileRef = 1A3FF1DB275DC94600D45623 /* CellSort.storyboard */; };
		1A41EADE27290D150064CDB7 /* MainViewModel.swift in Sources */ = {isa = PBXBuildFile; fileRef = 1A41EADD27290D150064CDB7 /* MainViewModel.swift */; };
		1A41EAE3272914CC0064CDB7 /* UIImageView.swift in Sources */ = {isa = PBXBuildFile; fileRef = 1A41EAE1272914CC0064CDB7 /* UIImageView.swift */; };
		1A41EAE4272914CC0064CDB7 /* AKLibrary.swift in Sources */ = {isa = PBXBuildFile; fileRef = 1A41EAE2272914CC0064CDB7 /* AKLibrary.swift */; };
		1A4D14CD2740DFB7009D6CD2 /* AboutThisApp.rtf in Resources */ = {isa = PBXBuildFile; fileRef = 1A4D14CC2740DFB7009D6CD2 /* AboutThisApp.rtf */; };
		1A4D14D027452A14009D6CD2 /* url.strings in Resources */ = {isa = PBXBuildFile; fileRef = 1A4D14D227452A14009D6CD2 /* url.strings */; };
		1A5F98A726D8E1CC00BCCF59 /* BaseViewController.swift in Sources */ = {isa = PBXBuildFile; fileRef = 1A5F98A626D8E1CC00BCCF59 /* BaseViewController.swift */; };
		1A5FD6842715305D0081F952 /* GoogleService-Info.plist in Resources */ = {isa = PBXBuildFile; fileRef = 1A5FD6832715305D0081F952 /* GoogleService-Info.plist */; };
		1A81A91E26C02FEC00CC56E2 /* SettingsViewController.swift in Sources */ = {isa = PBXBuildFile; fileRef = 1A81A91D26C02FEC00CC56E2 /* SettingsViewController.swift */; };
		1A81A92026C02FF900CC56E2 /* Settings.storyboard in Resources */ = {isa = PBXBuildFile; fileRef = 1A81A91F26C02FF900CC56E2 /* Settings.storyboard */; };
		1A81A92826C103D500CC56E2 /* SyllabusViewController.swift in Sources */ = {isa = PBXBuildFile; fileRef = 1A81A92726C103D500CC56E2 /* SyllabusViewController.swift */; };
		1A81A92A26C103E300CC56E2 /* Syllabus.storyboard in Resources */ = {isa = PBXBuildFile; fileRef = 1A81A92926C103E300CC56E2 /* Syllabus.storyboard */; };
		1A81A93126C12C8200CC56E2 /* Model.swift in Sources */ = {isa = PBXBuildFile; fileRef = 1A81A93026C12C8200CC56E2 /* Model.swift */; };
		1A81A93626C1503300CC56E2 /* PasswordSettingsViewController.swift in Sources */ = {isa = PBXBuildFile; fileRef = 1A81A93526C1503300CC56E2 /* PasswordSettingsViewController.swift */; };
		1A81A93826C1504500CC56E2 /* PasswordSettings.storyboard in Resources */ = {isa = PBXBuildFile; fileRef = 1A81A93726C1504500CC56E2 /* PasswordSettings.storyboard */; };
		1A81A93A26C1507000CC56E2 /* AboutThisAppViewController.swift in Sources */ = {isa = PBXBuildFile; fileRef = 1A81A93926C1507000CC56E2 /* AboutThisAppViewController.swift */; };
		1A81A93C26C1507E00CC56E2 /* AboutThisApp.storyboard in Resources */ = {isa = PBXBuildFile; fileRef = 1A81A93B26C1507E00CC56E2 /* AboutThisApp.storyboard */; };
		1A9E0E0A273CDAE800247F94 /* R.generated.swift in Sources */ = {isa = PBXBuildFile; fileRef = 1A9E0E09273CDAE800247F94 /* R.generated.swift */; };
		1A9E0E0D273D67A400247F94 /* TermsOfServiceViewController.swift in Sources */ = {isa = PBXBuildFile; fileRef = 1A9E0E0C273D67A400247F94 /* TermsOfServiceViewController.swift */; };
		1A9E0E0F273D67BA00247F94 /* TermsOfService.storyboard in Resources */ = {isa = PBXBuildFile; fileRef = 1A9E0E0E273D67BA00247F94 /* TermsOfService.storyboard */; };
		1A9E0E12273D7B1E00247F94 /* PrivacyPolicyViewController.swift in Sources */ = {isa = PBXBuildFile; fileRef = 1A9E0E11273D7B1E00247F94 /* PrivacyPolicyViewController.swift */; };
		1A9E0E14273D7B2C00247F94 /* PrivacyPolicy.storyboard in Resources */ = {isa = PBXBuildFile; fileRef = 1A9E0E13273D7B2C00247F94 /* PrivacyPolicy.storyboard */; };
		1A9E0E16273D848100247F94 /* Agreement.rtf in Resources */ = {isa = PBXBuildFile; fileRef = 1A9E0E15273D848100247F94 /* Agreement.rtf */; };
		1AA056CD26BD2AE100343005 /* AppDelegate.swift in Sources */ = {isa = PBXBuildFile; fileRef = 1AA056CC26BD2AE100343005 /* AppDelegate.swift */; };
		1AA056CF26BD2AE100343005 /* SceneDelegate.swift in Sources */ = {isa = PBXBuildFile; fileRef = 1AA056CE26BD2AE100343005 /* SceneDelegate.swift */; };
		1AA056D126BD2AE100343005 /* MainViewController.swift in Sources */ = {isa = PBXBuildFile; fileRef = 1AA056D026BD2AE100343005 /* MainViewController.swift */; };
		1AA056D426BD2AE100343005 /* Main.storyboard in Resources */ = {isa = PBXBuildFile; fileRef = 1AA056D226BD2AE100343005 /* Main.storyboard */; };
		1AA056D626BD2AE500343005 /* Assets.xcassets in Resources */ = {isa = PBXBuildFile; fileRef = 1AA056D526BD2AE500343005 /* Assets.xcassets */; };
		1AA056D926BD2AE500343005 /* LaunchScreen.storyboard in Resources */ = {isa = PBXBuildFile; fileRef = 1AA056D726BD2AE500343005 /* LaunchScreen.storyboard */; };
		1AAF27022748587C0071B89F /* Settings.bundle in Resources */ = {isa = PBXBuildFile; fileRef = 1AAF27012748587C0071B89F /* Settings.bundle */; };
		1AB37B6526FDFC93008A2D2F /* PrivacyPolicy.rtf in Resources */ = {isa = PBXBuildFile; fileRef = 1AB37B6426FDFC93008A2D2F /* PrivacyPolicy.rtf */; };
		1AB37B6F26FDFCEA008A2D2F /* MainViewModelTests.swift in Sources */ = {isa = PBXBuildFile; fileRef = 1AB37B6E26FDFCEA008A2D2F /* MainViewModelTests.swift */; };
		1AB37B7D26FDFCF4008A2D2F /* univIPUITests.swift in Sources */ = {isa = PBXBuildFile; fileRef = 1AB37B7C26FDFCF4008A2D2F /* univIPUITests.swift */; };
		1ABDE75526DE534300D4B04E /* AgreementViewController.swift in Sources */ = {isa = PBXBuildFile; fileRef = 1ABDE75426DE534300D4B04E /* AgreementViewController.swift */; };
		1ABDE75726DE535500D4B04E /* Agreement.storyboard in Resources */ = {isa = PBXBuildFile; fileRef = 1ABDE75626DE535500D4B04E /* Agreement.storyboard */; };
		1ABDE75926DE585300D4B04E /* TermsOfService.rtf in Resources */ = {isa = PBXBuildFile; fileRef = 1ABDE75826DE585300D4B04E /* TermsOfService.rtf */; };
		1AFC67CD2732BFA80059A053 /* Url.swift in Sources */ = {isa = PBXBuildFile; fileRef = 1AFC67CC2732BFA80059A053 /* Url.swift */; };
		509381F26FAE698FBE4F53F4 /* Pods_univIPTests.framework in Frameworks */ = {isa = PBXBuildFile; fileRef = AE3F8BED9CAEF99CD66B615F /* Pods_univIPTests.framework */; };
		ECD19C20B2F6629E841DA3BF /* Pods_univIP.framework in Frameworks */ = {isa = PBXBuildFile; fileRef = D1776F6A33ADC4A5363617FC /* Pods_univIP.framework */; };
/* End PBXBuildFile section */

/* Begin PBXContainerItemProxy section */
		1AB37B7126FDFCEA008A2D2F /* PBXContainerItemProxy */ = {
			isa = PBXContainerItemProxy;
			containerPortal = 1AA056C126BD2AE100343005 /* Project object */;
			proxyType = 1;
			remoteGlobalIDString = 1AA056C826BD2AE100343005;
			remoteInfo = univIP;
		};
		1AB37B7F26FDFCF4008A2D2F /* PBXContainerItemProxy */ = {
			isa = PBXContainerItemProxy;
			containerPortal = 1AA056C126BD2AE100343005 /* Project object */;
			proxyType = 1;
			remoteGlobalIDString = 1AA056C826BD2AE100343005;
			remoteInfo = univIP;
		};
/* End PBXContainerItemProxy section */

/* Begin PBXFileReference section */
		1A00A4382750716C00EF3F99 /* Common.swift */ = {isa = PBXFileReference; lastKnownFileType = sourcecode.swift; path = Common.swift; sourceTree = "<group>"; };
		1A09314D272A7DAC00B7BAED /* SettingsViewModel.swift */ = {isa = PBXFileReference; lastKnownFileType = sourcecode.swift; path = SettingsViewModel.swift; sourceTree = "<group>"; };
		1A0CC32F274541B200851126 /* Property List.plist */ = {isa = PBXFileReference; lastKnownFileType = text.plist.xml; path = "Property List.plist"; sourceTree = "<group>"; };
		1A207F9A2761C5CB00A22F9C /* FirstViewSettingViewController.swift */ = {isa = PBXFileReference; lastKnownFileType = sourcecode.swift; path = FirstViewSettingViewController.swift; sourceTree = "<group>"; };
		1A207F9C2761C5DA00A22F9C /* FirstViewSetting.storyboard */ = {isa = PBXFileReference; lastKnownFileType = file.storyboard; path = FirstViewSetting.storyboard; sourceTree = "<group>"; };
		1A2B2F6426C2170F00414A54 /* DataManager.swift */ = {isa = PBXFileReference; lastKnownFileType = sourcecode.swift; path = DataManager.swift; sourceTree = "<group>"; };
		1A3FF1D9275DC93900D45623 /* CellSortViewController.swift */ = {isa = PBXFileReference; lastKnownFileType = sourcecode.swift; path = CellSortViewController.swift; sourceTree = "<group>"; };
		1A3FF1DB275DC94600D45623 /* CellSort.storyboard */ = {isa = PBXFileReference; lastKnownFileType = file.storyboard; path = CellSort.storyboard; sourceTree = "<group>"; };
		1A41EADD27290D150064CDB7 /* MainViewModel.swift */ = {isa = PBXFileReference; lastKnownFileType = sourcecode.swift; path = MainViewModel.swift; sourceTree = "<group>"; };
		1A41EAE1272914CC0064CDB7 /* UIImageView.swift */ = {isa = PBXFileReference; fileEncoding = 4; lastKnownFileType = sourcecode.swift; path = UIImageView.swift; sourceTree = "<group>"; };
		1A41EAE2272914CC0064CDB7 /* AKLibrary.swift */ = {isa = PBXFileReference; fileEncoding = 4; lastKnownFileType = sourcecode.swift; path = AKLibrary.swift; sourceTree = "<group>"; };
		1A4D14CC2740DFB7009D6CD2 /* AboutThisApp.rtf */ = {isa = PBXFileReference; fileEncoding = 4; lastKnownFileType = text.rtf; path = AboutThisApp.rtf; sourceTree = "<group>"; };
		1A4D14D327452A3D009D6CD2 /* ja */ = {isa = PBXFileReference; lastKnownFileType = text.plist.strings; name = ja; path = ja.lproj/url.strings; sourceTree = "<group>"; };
		1A5F98A626D8E1CC00BCCF59 /* BaseViewController.swift */ = {isa = PBXFileReference; lastKnownFileType = sourcecode.swift; path = BaseViewController.swift; sourceTree = "<group>"; };
		1A5FD6832715305D0081F952 /* GoogleService-Info.plist */ = {isa = PBXFileReference; fileEncoding = 4; lastKnownFileType = text.plist.xml; path = "GoogleService-Info.plist"; sourceTree = "<group>"; };
		1A72E30A26D65A6B00DB3179 /* PDFKit.framework */ = {isa = PBXFileReference; lastKnownFileType = wrapper.framework; name = PDFKit.framework; path = System/Library/Frameworks/PDFKit.framework; sourceTree = SDKROOT; };
		1A81A91D26C02FEC00CC56E2 /* SettingsViewController.swift */ = {isa = PBXFileReference; lastKnownFileType = sourcecode.swift; path = SettingsViewController.swift; sourceTree = "<group>"; };
		1A81A91F26C02FF900CC56E2 /* Settings.storyboard */ = {isa = PBXFileReference; lastKnownFileType = file.storyboard; path = Settings.storyboard; sourceTree = "<group>"; };
		1A81A92726C103D500CC56E2 /* SyllabusViewController.swift */ = {isa = PBXFileReference; lastKnownFileType = sourcecode.swift; path = SyllabusViewController.swift; sourceTree = "<group>"; };
		1A81A92926C103E300CC56E2 /* Syllabus.storyboard */ = {isa = PBXFileReference; lastKnownFileType = file.storyboard; path = Syllabus.storyboard; sourceTree = "<group>"; };
		1A81A93026C12C8200CC56E2 /* Model.swift */ = {isa = PBXFileReference; lastKnownFileType = sourcecode.swift; path = Model.swift; sourceTree = "<group>"; };
		1A81A93526C1503300CC56E2 /* PasswordSettingsViewController.swift */ = {isa = PBXFileReference; lastKnownFileType = sourcecode.swift; path = PasswordSettingsViewController.swift; sourceTree = "<group>"; };
		1A81A93726C1504500CC56E2 /* PasswordSettings.storyboard */ = {isa = PBXFileReference; lastKnownFileType = file.storyboard; path = PasswordSettings.storyboard; sourceTree = "<group>"; };
		1A81A93926C1507000CC56E2 /* AboutThisAppViewController.swift */ = {isa = PBXFileReference; lastKnownFileType = sourcecode.swift; path = AboutThisAppViewController.swift; sourceTree = "<group>"; };
		1A81A93B26C1507E00CC56E2 /* AboutThisApp.storyboard */ = {isa = PBXFileReference; lastKnownFileType = file.storyboard; path = AboutThisApp.storyboard; sourceTree = "<group>"; };
		1A81A94126C15EAC00CC56E2 /* MessageUI.framework */ = {isa = PBXFileReference; lastKnownFileType = wrapper.framework; name = MessageUI.framework; path = System/Library/Frameworks/MessageUI.framework; sourceTree = SDKROOT; };
		1A9E0E09273CDAE800247F94 /* R.generated.swift */ = {isa = PBXFileReference; fileEncoding = 4; lastKnownFileType = sourcecode.swift; path = R.generated.swift; sourceTree = SOURCE_ROOT; };
		1A9E0E0C273D67A400247F94 /* TermsOfServiceViewController.swift */ = {isa = PBXFileReference; lastKnownFileType = sourcecode.swift; path = TermsOfServiceViewController.swift; sourceTree = "<group>"; };
		1A9E0E0E273D67BA00247F94 /* TermsOfService.storyboard */ = {isa = PBXFileReference; lastKnownFileType = file.storyboard; path = TermsOfService.storyboard; sourceTree = "<group>"; };
		1A9E0E11273D7B1E00247F94 /* PrivacyPolicyViewController.swift */ = {isa = PBXFileReference; lastKnownFileType = sourcecode.swift; path = PrivacyPolicyViewController.swift; sourceTree = "<group>"; };
		1A9E0E13273D7B2C00247F94 /* PrivacyPolicy.storyboard */ = {isa = PBXFileReference; lastKnownFileType = file.storyboard; path = PrivacyPolicy.storyboard; sourceTree = "<group>"; };
		1A9E0E15273D848100247F94 /* Agreement.rtf */ = {isa = PBXFileReference; fileEncoding = 4; lastKnownFileType = text.rtf; path = Agreement.rtf; sourceTree = "<group>"; };
		1AA056C926BD2AE100343005 /* univIP.app */ = {isa = PBXFileReference; explicitFileType = wrapper.application; includeInIndex = 0; path = univIP.app; sourceTree = BUILT_PRODUCTS_DIR; };
		1AA056CC26BD2AE100343005 /* AppDelegate.swift */ = {isa = PBXFileReference; lastKnownFileType = sourcecode.swift; path = AppDelegate.swift; sourceTree = "<group>"; };
		1AA056CE26BD2AE100343005 /* SceneDelegate.swift */ = {isa = PBXFileReference; lastKnownFileType = sourcecode.swift; path = SceneDelegate.swift; sourceTree = "<group>"; };
		1AA056D026BD2AE100343005 /* MainViewController.swift */ = {isa = PBXFileReference; lastKnownFileType = sourcecode.swift; path = MainViewController.swift; sourceTree = "<group>"; };
		1AA056D326BD2AE100343005 /* Base */ = {isa = PBXFileReference; lastKnownFileType = file.storyboard; name = Base; path = Base.lproj/Main.storyboard; sourceTree = "<group>"; };
		1AA056D526BD2AE500343005 /* Assets.xcassets */ = {isa = PBXFileReference; lastKnownFileType = folder.assetcatalog; path = Assets.xcassets; sourceTree = "<group>"; };
		1AA056D826BD2AE500343005 /* Base */ = {isa = PBXFileReference; lastKnownFileType = file.storyboard; name = Base; path = Base.lproj/LaunchScreen.storyboard; sourceTree = "<group>"; };
		1AA056DA26BD2AE500343005 /* Info.plist */ = {isa = PBXFileReference; lastKnownFileType = text.plist.xml; path = Info.plist; sourceTree = "<group>"; };
		1AAF27012748587C0071B89F /* Settings.bundle */ = {isa = PBXFileReference; lastKnownFileType = "wrapper.plug-in"; path = Settings.bundle; sourceTree = "<group>"; };
		1AB37B6426FDFC93008A2D2F /* PrivacyPolicy.rtf */ = {isa = PBXFileReference; fileEncoding = 4; lastKnownFileType = text.rtf; path = PrivacyPolicy.rtf; sourceTree = "<group>"; };
		1AB37B6C26FDFCEA008A2D2F /* univIPTests.xctest */ = {isa = PBXFileReference; explicitFileType = wrapper.cfbundle; includeInIndex = 0; path = univIPTests.xctest; sourceTree = BUILT_PRODUCTS_DIR; };
		1AB37B6E26FDFCEA008A2D2F /* MainViewModelTests.swift */ = {isa = PBXFileReference; lastKnownFileType = sourcecode.swift; path = MainViewModelTests.swift; sourceTree = "<group>"; };
		1AB37B7026FDFCEA008A2D2F /* Info.plist */ = {isa = PBXFileReference; lastKnownFileType = text.plist.xml; path = Info.plist; sourceTree = "<group>"; };
		1AB37B7A26FDFCF4008A2D2F /* univIPUITests.xctest */ = {isa = PBXFileReference; explicitFileType = wrapper.cfbundle; includeInIndex = 0; path = univIPUITests.xctest; sourceTree = BUILT_PRODUCTS_DIR; };
		1AB37B7C26FDFCF4008A2D2F /* univIPUITests.swift */ = {isa = PBXFileReference; lastKnownFileType = sourcecode.swift; path = univIPUITests.swift; sourceTree = "<group>"; };
		1AB37B7E26FDFCF4008A2D2F /* Info.plist */ = {isa = PBXFileReference; lastKnownFileType = text.plist.xml; path = Info.plist; sourceTree = "<group>"; };
		1ABDE75426DE534300D4B04E /* AgreementViewController.swift */ = {isa = PBXFileReference; lastKnownFileType = sourcecode.swift; path = AgreementViewController.swift; sourceTree = "<group>"; };
		1ABDE75626DE535500D4B04E /* Agreement.storyboard */ = {isa = PBXFileReference; lastKnownFileType = file.storyboard; path = Agreement.storyboard; sourceTree = "<group>"; };
		1ABDE75826DE585300D4B04E /* TermsOfService.rtf */ = {isa = PBXFileReference; fileEncoding = 4; lastKnownFileType = text.rtf; path = TermsOfService.rtf; sourceTree = "<group>"; };
		1AFC67CC2732BFA80059A053 /* Url.swift */ = {isa = PBXFileReference; lastKnownFileType = sourcecode.swift; path = Url.swift; sourceTree = "<group>"; };
		324240FE5E6B4AEFD2C4922B /* Pods-univIP.debug.xcconfig */ = {isa = PBXFileReference; includeInIndex = 1; lastKnownFileType = text.xcconfig; name = "Pods-univIP.debug.xcconfig"; path = "Target Support Files/Pods-univIP/Pods-univIP.debug.xcconfig"; sourceTree = "<group>"; };
		846F548F1EA4F2D8D7589A43 /* Pods-univIPTests.debug.xcconfig */ = {isa = PBXFileReference; includeInIndex = 1; lastKnownFileType = text.xcconfig; name = "Pods-univIPTests.debug.xcconfig"; path = "Target Support Files/Pods-univIPTests/Pods-univIPTests.debug.xcconfig"; sourceTree = "<group>"; };
		96922F0FD891CFB5632A8290 /* Pods-univIP.release.xcconfig */ = {isa = PBXFileReference; includeInIndex = 1; lastKnownFileType = text.xcconfig; name = "Pods-univIP.release.xcconfig"; path = "Target Support Files/Pods-univIP/Pods-univIP.release.xcconfig"; sourceTree = "<group>"; };
		AE3F8BED9CAEF99CD66B615F /* Pods_univIPTests.framework */ = {isa = PBXFileReference; explicitFileType = wrapper.framework; includeInIndex = 0; path = Pods_univIPTests.framework; sourceTree = BUILT_PRODUCTS_DIR; };
		D1776F6A33ADC4A5363617FC /* Pods_univIP.framework */ = {isa = PBXFileReference; explicitFileType = wrapper.framework; includeInIndex = 0; path = Pods_univIP.framework; sourceTree = BUILT_PRODUCTS_DIR; };
		E8738544EDFC65E519A3C4D3 /* Pods-univIPTests.release.xcconfig */ = {isa = PBXFileReference; includeInIndex = 1; lastKnownFileType = text.xcconfig; name = "Pods-univIPTests.release.xcconfig"; path = "Target Support Files/Pods-univIPTests/Pods-univIPTests.release.xcconfig"; sourceTree = "<group>"; };
/* End PBXFileReference section */

/* Begin PBXFrameworksBuildPhase section */
		1AA056C626BD2AE100343005 /* Frameworks */ = {
			isa = PBXFrameworksBuildPhase;
			buildActionMask = 2147483647;
			files = (
				ECD19C20B2F6629E841DA3BF /* Pods_univIP.framework in Frameworks */,
			);
			runOnlyForDeploymentPostprocessing = 0;
		};
		1AB37B6926FDFCEA008A2D2F /* Frameworks */ = {
			isa = PBXFrameworksBuildPhase;
			buildActionMask = 2147483647;
			files = (
				509381F26FAE698FBE4F53F4 /* Pods_univIPTests.framework in Frameworks */,
			);
			runOnlyForDeploymentPostprocessing = 0;
		};
		1AB37B7726FDFCF4008A2D2F /* Frameworks */ = {
			isa = PBXFrameworksBuildPhase;
			buildActionMask = 2147483647;
			files = (
			);
			runOnlyForDeploymentPostprocessing = 0;
		};
/* End PBXFrameworksBuildPhase section */

/* Begin PBXGroup section */
		1A00A4372750714C00EF3F99 /* Common */ = {
			isa = PBXGroup;
			children = (
				1A00A4382750716C00EF3F99 /* Common.swift */,
			);
			path = Common;
			sourceTree = "<group>";
		};
		1A207F992761C57F00A22F9C /* FirstViewSetting */ = {
			isa = PBXGroup;
			children = (
				1A207F9A2761C5CB00A22F9C /* FirstViewSettingViewController.swift */,
				1A207F9C2761C5DA00A22F9C /* FirstViewSetting.storyboard */,
			);
			path = FirstViewSetting;
			sourceTree = "<group>";
		};
		1A3FF1D8275DC91D00D45623 /* CellSort */ = {
			isa = PBXGroup;
			children = (
				1A3FF1D9275DC93900D45623 /* CellSortViewController.swift */,
				1A3FF1DB275DC94600D45623 /* CellSort.storyboard */,
			);
			path = CellSort;
			sourceTree = "<group>";
		};
		1A41EADF272914CC0064CDB7 /* AKLibrary */ = {
			isa = PBXGroup;
			children = (
				1A41EAE2272914CC0064CDB7 /* AKLibrary.swift */,
				1A41EAE0272914CC0064CDB7 /* Extension */,
			);
			name = AKLibrary;
			path = univIP/App/AKLibrary;
			sourceTree = SOURCE_ROOT;
		};
		1A41EAE0272914CC0064CDB7 /* Extension */ = {
			isa = PBXGroup;
			children = (
				1A41EAE1272914CC0064CDB7 /* UIImageView.swift */,
			);
			path = Extension;
			sourceTree = "<group>";
		};
		1A5F98A526D8E1B000BCCF59 /* Base */ = {
			isa = PBXGroup;
			children = (
				1A5F98A626D8E1CC00BCCF59 /* BaseViewController.swift */,
			);
			path = Base;
			sourceTree = "<group>";
		};
		1A81A91C26C02FB700CC56E2 /* Settings */ = {
			isa = PBXGroup;
			children = (
				1A09314D272A7DAC00B7BAED /* SettingsViewModel.swift */,
				1A81A91D26C02FEC00CC56E2 /* SettingsViewController.swift */,
				1A81A91F26C02FF900CC56E2 /* Settings.storyboard */,
				1AA056E826BD2DA900343005 /* Syllabus */,
				1A3FF1D8275DC91D00D45623 /* CellSort */,
				1A207F992761C57F00A22F9C /* FirstViewSetting */,
				1A81A93226C14FBA00CC56E2 /* PasswordSettings */,
				1A81A93326C14FCC00CC56E2 /* AboutThisApp */,
			);
			path = Settings;
			sourceTree = "<group>";
		};
		1A81A92626C0D52F00CC56E2 /* Model */ = {
			isa = PBXGroup;
			children = (
				1A81A93026C12C8200CC56E2 /* Model.swift */,
				1A2B2F6426C2170F00414A54 /* DataManager.swift */,
				1A9E0E07273CB75C00247F94 /* WKWebView */,
			);
			path = Model;
			sourceTree = "<group>";
		};
		1A81A93226C14FBA00CC56E2 /* PasswordSettings */ = {
			isa = PBXGroup;
			children = (
				1A81A93526C1503300CC56E2 /* PasswordSettingsViewController.swift */,
				1A81A93726C1504500CC56E2 /* PasswordSettings.storyboard */,
			);
			path = PasswordSettings;
			sourceTree = "<group>";
		};
		1A81A93326C14FCC00CC56E2 /* AboutThisApp */ = {
			isa = PBXGroup;
			children = (
				1A81A93926C1507000CC56E2 /* AboutThisAppViewController.swift */,
				1A81A93B26C1507E00CC56E2 /* AboutThisApp.storyboard */,
			);
			path = AboutThisApp;
			sourceTree = "<group>";
		};
		1A9E0E07273CB75C00247F94 /* WKWebView */ = {
			isa = PBXGroup;
			children = (
				1A4D14D227452A14009D6CD2 /* url.strings */,
				1AFC67CC2732BFA80059A053 /* Url.swift */,
			);
			path = WKWebView;
			sourceTree = "<group>";
		};
		1A9E0E08273CBA8500247F94 /* FireBaseAnalytics */ = {
			isa = PBXGroup;
			children = (
				1A5FD6832715305D0081F952 /* GoogleService-Info.plist */,
			);
			path = FireBaseAnalytics;
			sourceTree = "<group>";
		};
		1A9E0E0B273D676500247F94 /* TermsOfService */ = {
			isa = PBXGroup;
			children = (
				1A9E0E0C273D67A400247F94 /* TermsOfServiceViewController.swift */,
				1A9E0E0E273D67BA00247F94 /* TermsOfService.storyboard */,
			);
			path = TermsOfService;
			sourceTree = "<group>";
		};
		1A9E0E10273D7ADF00247F94 /* PrivacyPolicy */ = {
			isa = PBXGroup;
			children = (
				1A9E0E11273D7B1E00247F94 /* PrivacyPolicyViewController.swift */,
				1A9E0E13273D7B2C00247F94 /* PrivacyPolicy.storyboard */,
			);
			path = PrivacyPolicy;
			sourceTree = "<group>";
		};
		1AA056C026BD2AE100343005 = {
			isa = PBXGroup;
			children = (
				1AA056CB26BD2AE100343005 /* univIP */,
				1AB37B6D26FDFCEA008A2D2F /* univIPTests */,
				1AB37B7B26FDFCF4008A2D2F /* univIPUITests */,
				1AA056CA26BD2AE100343005 /* Products */,
				CA749BD99662CD553A90D1AF /* Pods */,
				1C91199C2DFA8E4D8B3EBE6D /* Frameworks */,
			);
			sourceTree = "<group>";
		};
		1AA056CA26BD2AE100343005 /* Products */ = {
			isa = PBXGroup;
			children = (
				1AA056C926BD2AE100343005 /* univIP.app */,
				1AB37B6C26FDFCEA008A2D2F /* univIPTests.xctest */,
				1AB37B7A26FDFCF4008A2D2F /* univIPUITests.xctest */,
			);
			name = Products;
			sourceTree = "<group>";
		};
		1AA056CB26BD2AE100343005 /* univIP */ = {
			isa = PBXGroup;
			children = (
				1A9E0E09273CDAE800247F94 /* R.generated.swift */,
				1AA056E326BD2D3700343005 /* App */,
				1AAF27012748587C0071B89F /* Settings.bundle */,
			);
			path = univIP;
			sourceTree = "<group>";
		};
		1AA056E326BD2D3700343005 /* App */ = {
			isa = PBXGroup;
			children = (
				1A41EADF272914CC0064CDB7 /* AKLibrary */,
				1AA056E526BD2D4900343005 /* etc */,
				1A5F98A526D8E1B000BCCF59 /* Base */,
				1A00A4372750714C00EF3F99 /* Common */,
				1A81A92626C0D52F00CC56E2 /* Model */,
				1AA056E926BD2DCA00343005 /* View */,
			);
			path = App;
			sourceTree = "<group>";
		};
		1AA056E426BD2D4100343005 /* Main */ = {
			isa = PBXGroup;
			children = (
				1A41EADD27290D150064CDB7 /* MainViewModel.swift */,
				1AA056D026BD2AE100343005 /* MainViewController.swift */,
				1AA056D226BD2AE100343005 /* Main.storyboard */,
			);
			path = Main;
			sourceTree = "<group>";
		};
		1AA056E526BD2D4900343005 /* etc */ = {
			isa = PBXGroup;
			children = (
				1A0CC32F274541B200851126 /* Property List.plist */,
				1A9E0E08273CBA8500247F94 /* FireBaseAnalytics */,
				1ABDE75A26DEF7A100D4B04E /* RTFfile */,
				1AA056DA26BD2AE500343005 /* Info.plist */,
				1AA056D726BD2AE500343005 /* LaunchScreen.storyboard */,
				1AA056D526BD2AE500343005 /* Assets.xcassets */,
			);
			path = etc;
			sourceTree = "<group>";
		};
		1AA056E826BD2DA900343005 /* Syllabus */ = {
			isa = PBXGroup;
			children = (
				1A81A92726C103D500CC56E2 /* SyllabusViewController.swift */,
				1A81A92926C103E300CC56E2 /* Syllabus.storyboard */,
			);
			path = Syllabus;
			sourceTree = "<group>";
		};
		1AA056E926BD2DCA00343005 /* View */ = {
			isa = PBXGroup;
			children = (
				1AA056CC26BD2AE100343005 /* AppDelegate.swift */,
				1AA056CE26BD2AE100343005 /* SceneDelegate.swift */,
				1ABDE75326DE530300D4B04E /* Agreement */,
				1AA056E426BD2D4100343005 /* Main */,
				1A81A91C26C02FB700CC56E2 /* Settings */,
			);
			path = View;
			sourceTree = "<group>";
		};
		1AB37B6D26FDFCEA008A2D2F /* univIPTests */ = {
			isa = PBXGroup;
			children = (
				1AB37B6E26FDFCEA008A2D2F /* MainViewModelTests.swift */,
				1AB37B7026FDFCEA008A2D2F /* Info.plist */,
			);
			path = univIPTests;
			sourceTree = "<group>";
		};
		1AB37B7B26FDFCF4008A2D2F /* univIPUITests */ = {
			isa = PBXGroup;
			children = (
				1AB37B7C26FDFCF4008A2D2F /* univIPUITests.swift */,
				1AB37B7E26FDFCF4008A2D2F /* Info.plist */,
			);
			path = univIPUITests;
			sourceTree = "<group>";
		};
		1ABDE75326DE530300D4B04E /* Agreement */ = {
			isa = PBXGroup;
			children = (
				1ABDE75426DE534300D4B04E /* AgreementViewController.swift */,
				1ABDE75626DE535500D4B04E /* Agreement.storyboard */,
				1A9E0E10273D7ADF00247F94 /* PrivacyPolicy */,
				1A9E0E0B273D676500247F94 /* TermsOfService */,
			);
			path = Agreement;
			sourceTree = "<group>";
		};
		1ABDE75A26DEF7A100D4B04E /* RTFfile */ = {
			isa = PBXGroup;
			children = (
				1A4D14CC2740DFB7009D6CD2 /* AboutThisApp.rtf */,
				1A9E0E15273D848100247F94 /* Agreement.rtf */,
				1AB37B6426FDFC93008A2D2F /* PrivacyPolicy.rtf */,
				1ABDE75826DE585300D4B04E /* TermsOfService.rtf */,
			);
			path = RTFfile;
			sourceTree = "<group>";
		};
		1C91199C2DFA8E4D8B3EBE6D /* Frameworks */ = {
			isa = PBXGroup;
			children = (
				1A72E30A26D65A6B00DB3179 /* PDFKit.framework */,
				1A81A94126C15EAC00CC56E2 /* MessageUI.framework */,
				D1776F6A33ADC4A5363617FC /* Pods_univIP.framework */,
				AE3F8BED9CAEF99CD66B615F /* Pods_univIPTests.framework */,
			);
			name = Frameworks;
			sourceTree = "<group>";
		};
		CA749BD99662CD553A90D1AF /* Pods */ = {
			isa = PBXGroup;
			children = (
				324240FE5E6B4AEFD2C4922B /* Pods-univIP.debug.xcconfig */,
				96922F0FD891CFB5632A8290 /* Pods-univIP.release.xcconfig */,
				846F548F1EA4F2D8D7589A43 /* Pods-univIPTests.debug.xcconfig */,
				E8738544EDFC65E519A3C4D3 /* Pods-univIPTests.release.xcconfig */,
			);
			path = Pods;
			sourceTree = "<group>";
		};
/* End PBXGroup section */

/* Begin PBXNativeTarget section */
		1AA056C826BD2AE100343005 /* univIP */ = {
			isa = PBXNativeTarget;
			buildConfigurationList = 1AA056DD26BD2AE500343005 /* Build configuration list for PBXNativeTarget "univIP" */;
			buildPhases = (
				2F704F3F01C4CDEC8E4D8125 /* [CP] Check Pods Manifest.lock */,
				1AA056E026BD2CC300343005 /* ShellScript */,
				1AA056C526BD2AE100343005 /* Sources */,
				1AA056C626BD2AE100343005 /* Frameworks */,
				1AA056C726BD2AE100343005 /* Resources */,
				F62F7122F026855F43C7450E /* [CP] Embed Pods Frameworks */,
			);
			buildRules = (
			);
			dependencies = (
			);
			name = univIP;
			productName = univIP;
			productReference = 1AA056C926BD2AE100343005 /* univIP.app */;
			productType = "com.apple.product-type.application";
		};
		1AB37B6B26FDFCEA008A2D2F /* univIPTests */ = {
			isa = PBXNativeTarget;
			buildConfigurationList = 1AB37B7326FDFCEA008A2D2F /* Build configuration list for PBXNativeTarget "univIPTests" */;
			buildPhases = (
				293BD288788A1522883BFE62 /* [CP] Check Pods Manifest.lock */,
				1AB37B6826FDFCEA008A2D2F /* Sources */,
				1AB37B6926FDFCEA008A2D2F /* Frameworks */,
				1AB37B6A26FDFCEA008A2D2F /* Resources */,
				DFF465AE02AACEF72634B716 /* [CP] Embed Pods Frameworks */,
			);
			buildRules = (
			);
			dependencies = (
				1AB37B7226FDFCEA008A2D2F /* PBXTargetDependency */,
			);
			name = univIPTests;
			productName = univIPTests;
			productReference = 1AB37B6C26FDFCEA008A2D2F /* univIPTests.xctest */;
			productType = "com.apple.product-type.bundle.unit-test";
		};
		1AB37B7926FDFCF4008A2D2F /* univIPUITests */ = {
			isa = PBXNativeTarget;
			buildConfigurationList = 1AB37B8126FDFCF4008A2D2F /* Build configuration list for PBXNativeTarget "univIPUITests" */;
			buildPhases = (
				1AB37B7626FDFCF4008A2D2F /* Sources */,
				1AB37B7726FDFCF4008A2D2F /* Frameworks */,
				1AB37B7826FDFCF4008A2D2F /* Resources */,
			);
			buildRules = (
			);
			dependencies = (
				1AB37B8026FDFCF4008A2D2F /* PBXTargetDependency */,
			);
			name = univIPUITests;
			productName = univIPUITests;
			productReference = 1AB37B7A26FDFCF4008A2D2F /* univIPUITests.xctest */;
			productType = "com.apple.product-type.bundle.ui-testing";
		};
/* End PBXNativeTarget section */

/* Begin PBXProject section */
		1AA056C126BD2AE100343005 /* Project object */ = {
			isa = PBXProject;
			attributes = {
				LastSwiftUpdateCheck = 1250;
				LastUpgradeCheck = 1250;
				TargetAttributes = {
					1AA056C826BD2AE100343005 = {
						CreatedOnToolsVersion = 12.5.1;
					};
					1AB37B6B26FDFCEA008A2D2F = {
						CreatedOnToolsVersion = 12.5;
						TestTargetID = 1AA056C826BD2AE100343005;
					};
					1AB37B7926FDFCF4008A2D2F = {
						CreatedOnToolsVersion = 12.5;
						TestTargetID = 1AA056C826BD2AE100343005;
					};
				};
			};
			buildConfigurationList = 1AA056C426BD2AE100343005 /* Build configuration list for PBXProject "univIP" */;
			compatibilityVersion = "Xcode 11.0";
			developmentRegion = en;
			hasScannedForEncodings = 0;
			knownRegions = (
				en,
				Base,
				ja,
			);
			mainGroup = 1AA056C026BD2AE100343005;
			productRefGroup = 1AA056CA26BD2AE100343005 /* Products */;
			projectDirPath = "";
			projectRoot = "";
			targets = (
				1AA056C826BD2AE100343005 /* univIP */,
				1AB37B6B26FDFCEA008A2D2F /* univIPTests */,
				1AB37B7926FDFCF4008A2D2F /* univIPUITests */,
			);
		};
/* End PBXProject section */

/* Begin PBXResourcesBuildPhase section */
		1AA056C726BD2AE100343005 /* Resources */ = {
			isa = PBXResourcesBuildPhase;
			buildActionMask = 2147483647;
			files = (
				1A0CC330274541B200851126 /* Property List.plist in Resources */,
				1AAF27022748587C0071B89F /* Settings.bundle in Resources */,
				1AA056D926BD2AE500343005 /* LaunchScreen.storyboard in Resources */,
				1A81A93C26C1507E00CC56E2 /* AboutThisApp.storyboard in Resources */,
				1AA056D626BD2AE500343005 /* Assets.xcassets in Resources */,
				1A81A92A26C103E300CC56E2 /* Syllabus.storyboard in Resources */,
				1A4D14CD2740DFB7009D6CD2 /* AboutThisApp.rtf in Resources */,
				1A207F9D2761C5DA00A22F9C /* FirstViewSetting.storyboard in Resources */,
				1ABDE75726DE535500D4B04E /* Agreement.storyboard in Resources */,
				1A4D14D027452A14009D6CD2 /* url.strings in Resources */,
				1A5FD6842715305D0081F952 /* GoogleService-Info.plist in Resources */,
				1A9E0E14273D7B2C00247F94 /* PrivacyPolicy.storyboard in Resources */,
				1A9E0E16273D848100247F94 /* Agreement.rtf in Resources */,
				1AA056D426BD2AE100343005 /* Main.storyboard in Resources */,
				1A81A93826C1504500CC56E2 /* PasswordSettings.storyboard in Resources */,
				1A81A92026C02FF900CC56E2 /* Settings.storyboard in Resources */,
				1AB37B6526FDFC93008A2D2F /* PrivacyPolicy.rtf in Resources */,
				1ABDE75926DE585300D4B04E /* TermsOfService.rtf in Resources */,
				1A9E0E0F273D67BA00247F94 /* TermsOfService.storyboard in Resources */,
				1A3FF1DC275DC94600D45623 /* CellSort.storyboard in Resources */,
			);
			runOnlyForDeploymentPostprocessing = 0;
		};
		1AB37B6A26FDFCEA008A2D2F /* Resources */ = {
			isa = PBXResourcesBuildPhase;
			buildActionMask = 2147483647;
			files = (
			);
			runOnlyForDeploymentPostprocessing = 0;
		};
		1AB37B7826FDFCF4008A2D2F /* Resources */ = {
			isa = PBXResourcesBuildPhase;
			buildActionMask = 2147483647;
			files = (
			);
			runOnlyForDeploymentPostprocessing = 0;
		};
/* End PBXResourcesBuildPhase section */

/* Begin PBXShellScriptBuildPhase section */
		1AA056E026BD2CC300343005 /* ShellScript */ = {
			isa = PBXShellScriptBuildPhase;
			buildActionMask = 12;
			files = (
			);
			inputFileListPaths = (
			);
			inputPaths = (
				"$TEMP_DIR/rswift-lastrun",
			);
			outputFileListPaths = (
			);
			outputPaths = (
				$SRCROOT/R.generated.swift,
			);
			runOnlyForDeploymentPostprocessing = 0;
			shellPath = /bin/sh;
			shellScript = "\"$PODS_ROOT/R.swift/rswift\" generate \"$SRCROOT/R.generated.swift\"\n";
		};
		293BD288788A1522883BFE62 /* [CP] Check Pods Manifest.lock */ = {
			isa = PBXShellScriptBuildPhase;
			buildActionMask = 2147483647;
			files = (
			);
			inputFileListPaths = (
			);
			inputPaths = (
				"${PODS_PODFILE_DIR_PATH}/Podfile.lock",
				"${PODS_ROOT}/Manifest.lock",
			);
			name = "[CP] Check Pods Manifest.lock";
			outputFileListPaths = (
			);
			outputPaths = (
				"$(DERIVED_FILE_DIR)/Pods-univIPTests-checkManifestLockResult.txt",
			);
			runOnlyForDeploymentPostprocessing = 0;
			shellPath = /bin/sh;
			shellScript = "diff \"${PODS_PODFILE_DIR_PATH}/Podfile.lock\" \"${PODS_ROOT}/Manifest.lock\" > /dev/null\nif [ $? != 0 ] ; then\n    # print error to STDERR\n    echo \"error: The sandbox is not in sync with the Podfile.lock. Run 'pod install' or update your CocoaPods installation.\" >&2\n    exit 1\nfi\n# This output is used by Xcode 'outputs' to avoid re-running this script phase.\necho \"SUCCESS\" > \"${SCRIPT_OUTPUT_FILE_0}\"\n";
			showEnvVarsInLog = 0;
		};
		2F704F3F01C4CDEC8E4D8125 /* [CP] Check Pods Manifest.lock */ = {
			isa = PBXShellScriptBuildPhase;
			buildActionMask = 2147483647;
			files = (
			);
			inputFileListPaths = (
			);
			inputPaths = (
				"${PODS_PODFILE_DIR_PATH}/Podfile.lock",
				"${PODS_ROOT}/Manifest.lock",
			);
			name = "[CP] Check Pods Manifest.lock";
			outputFileListPaths = (
			);
			outputPaths = (
				"$(DERIVED_FILE_DIR)/Pods-univIP-checkManifestLockResult.txt",
			);
			runOnlyForDeploymentPostprocessing = 0;
			shellPath = /bin/sh;
			shellScript = "diff \"${PODS_PODFILE_DIR_PATH}/Podfile.lock\" \"${PODS_ROOT}/Manifest.lock\" > /dev/null\nif [ $? != 0 ] ; then\n    # print error to STDERR\n    echo \"error: The sandbox is not in sync with the Podfile.lock. Run 'pod install' or update your CocoaPods installation.\" >&2\n    exit 1\nfi\n# This output is used by Xcode 'outputs' to avoid re-running this script phase.\necho \"SUCCESS\" > \"${SCRIPT_OUTPUT_FILE_0}\"\n";
			showEnvVarsInLog = 0;
		};
		DFF465AE02AACEF72634B716 /* [CP] Embed Pods Frameworks */ = {
			isa = PBXShellScriptBuildPhase;
			buildActionMask = 2147483647;
			files = (
			);
			inputFileListPaths = (
				"${PODS_ROOT}/Target Support Files/Pods-univIPTests/Pods-univIPTests-frameworks-${CONFIGURATION}-input-files.xcfilelist",
			);
			name = "[CP] Embed Pods Frameworks";
			outputFileListPaths = (
				"${PODS_ROOT}/Target Support Files/Pods-univIPTests/Pods-univIPTests-frameworks-${CONFIGURATION}-output-files.xcfilelist",
			);
			runOnlyForDeploymentPostprocessing = 0;
			shellPath = /bin/sh;
			shellScript = "\"${PODS_ROOT}/Target Support Files/Pods-univIPTests/Pods-univIPTests-frameworks.sh\"\n";
			showEnvVarsInLog = 0;
		};
		F62F7122F026855F43C7450E /* [CP] Embed Pods Frameworks */ = {
			isa = PBXShellScriptBuildPhase;
			buildActionMask = 2147483647;
			files = (
			);
			inputFileListPaths = (
				"${PODS_ROOT}/Target Support Files/Pods-univIP/Pods-univIP-frameworks-${CONFIGURATION}-input-files.xcfilelist",
			);
			name = "[CP] Embed Pods Frameworks";
			outputFileListPaths = (
				"${PODS_ROOT}/Target Support Files/Pods-univIP/Pods-univIP-frameworks-${CONFIGURATION}-output-files.xcfilelist",
			);
			runOnlyForDeploymentPostprocessing = 0;
			shellPath = /bin/sh;
			shellScript = "\"${PODS_ROOT}/Target Support Files/Pods-univIP/Pods-univIP-frameworks.sh\"\n";
			showEnvVarsInLog = 0;
		};
/* End PBXShellScriptBuildPhase section */

/* Begin PBXSourcesBuildPhase section */
		1AA056C526BD2AE100343005 /* Sources */ = {
			isa = PBXSourcesBuildPhase;
			buildActionMask = 2147483647;
			files = (
				1A9E0E12273D7B1E00247F94 /* PrivacyPolicyViewController.swift in Sources */,
				1A81A92826C103D500CC56E2 /* SyllabusViewController.swift in Sources */,
				1A2B2F6526C2170F00414A54 /* DataManager.swift in Sources */,
				1A00A4392750716C00EF3F99 /* Common.swift in Sources */,
				1A9E0E0D273D67A400247F94 /* TermsOfServiceViewController.swift in Sources */,
				1AA056D126BD2AE100343005 /* MainViewController.swift in Sources */,
				1A41EADE27290D150064CDB7 /* MainViewModel.swift in Sources */,
				1ABDE75526DE534300D4B04E /* AgreementViewController.swift in Sources */,
				1A9E0E0A273CDAE800247F94 /* R.generated.swift in Sources */,
				1A09314E272A7DAC00B7BAED /* SettingsViewModel.swift in Sources */,
				1A5F98A726D8E1CC00BCCF59 /* BaseViewController.swift in Sources */,
				1A207F9B2761C5CB00A22F9C /* FirstViewSettingViewController.swift in Sources */,
				1A41EAE3272914CC0064CDB7 /* UIImageView.swift in Sources */,
				1A41EAE4272914CC0064CDB7 /* AKLibrary.swift in Sources */,
				1AA056CD26BD2AE100343005 /* AppDelegate.swift in Sources */,
				1AA056CF26BD2AE100343005 /* SceneDelegate.swift in Sources */,
				1A3FF1DA275DC93900D45623 /* CellSortViewController.swift in Sources */,
				1AFC67CD2732BFA80059A053 /* Url.swift in Sources */,
				1A81A93626C1503300CC56E2 /* PasswordSettingsViewController.swift in Sources */,
				1A81A93126C12C8200CC56E2 /* Model.swift in Sources */,
				1A81A93A26C1507000CC56E2 /* AboutThisAppViewController.swift in Sources */,
				1A81A91E26C02FEC00CC56E2 /* SettingsViewController.swift in Sources */,
			);
			runOnlyForDeploymentPostprocessing = 0;
		};
		1AB37B6826FDFCEA008A2D2F /* Sources */ = {
			isa = PBXSourcesBuildPhase;
			buildActionMask = 2147483647;
			files = (
				1AB37B6F26FDFCEA008A2D2F /* MainViewModelTests.swift in Sources */,
			);
			runOnlyForDeploymentPostprocessing = 0;
		};
		1AB37B7626FDFCF4008A2D2F /* Sources */ = {
			isa = PBXSourcesBuildPhase;
			buildActionMask = 2147483647;
			files = (
				1AB37B7D26FDFCF4008A2D2F /* univIPUITests.swift in Sources */,
			);
			runOnlyForDeploymentPostprocessing = 0;
		};
/* End PBXSourcesBuildPhase section */

/* Begin PBXTargetDependency section */
		1AB37B7226FDFCEA008A2D2F /* PBXTargetDependency */ = {
			isa = PBXTargetDependency;
			target = 1AA056C826BD2AE100343005 /* univIP */;
			targetProxy = 1AB37B7126FDFCEA008A2D2F /* PBXContainerItemProxy */;
		};
		1AB37B8026FDFCF4008A2D2F /* PBXTargetDependency */ = {
			isa = PBXTargetDependency;
			target = 1AA056C826BD2AE100343005 /* univIP */;
			targetProxy = 1AB37B7F26FDFCF4008A2D2F /* PBXContainerItemProxy */;
		};
/* End PBXTargetDependency section */

/* Begin PBXVariantGroup section */
		1A4D14D227452A14009D6CD2 /* url.strings */ = {
			isa = PBXVariantGroup;
			children = (
				1A4D14D327452A3D009D6CD2 /* ja */,
			);
			name = url.strings;
			sourceTree = "<group>";
		};
		1AA056D226BD2AE100343005 /* Main.storyboard */ = {
			isa = PBXVariantGroup;
			children = (
				1AA056D326BD2AE100343005 /* Base */,
			);
			name = Main.storyboard;
			sourceTree = "<group>";
		};
		1AA056D726BD2AE500343005 /* LaunchScreen.storyboard */ = {
			isa = PBXVariantGroup;
			children = (
				1AA056D826BD2AE500343005 /* Base */,
			);
			name = LaunchScreen.storyboard;
			sourceTree = "<group>";
		};
/* End PBXVariantGroup section */

/* Begin XCBuildConfiguration section */
		1AA056DB26BD2AE500343005 /* Debug */ = {
			isa = XCBuildConfiguration;
			buildSettings = {
				ALWAYS_SEARCH_USER_PATHS = NO;
				CLANG_ANALYZER_LOCALIZABILITY_NONLOCALIZED = YES;
				CLANG_ANALYZER_NONNULL = YES;
				CLANG_ANALYZER_NUMBER_OBJECT_CONVERSION = YES_AGGRESSIVE;
				CLANG_CXX_LANGUAGE_STANDARD = "gnu++14";
				CLANG_CXX_LIBRARY = "libc++";
				CLANG_ENABLE_MODULES = YES;
				CLANG_ENABLE_OBJC_ARC = YES;
				CLANG_ENABLE_OBJC_WEAK = YES;
				CLANG_WARN_BLOCK_CAPTURE_AUTORELEASING = YES;
				CLANG_WARN_BOOL_CONVERSION = YES;
				CLANG_WARN_COMMA = YES;
				CLANG_WARN_CONSTANT_CONVERSION = YES;
				CLANG_WARN_DEPRECATED_OBJC_IMPLEMENTATIONS = YES;
				CLANG_WARN_DIRECT_OBJC_ISA_USAGE = YES_ERROR;
				CLANG_WARN_DOCUMENTATION_COMMENTS = YES;
				CLANG_WARN_EMPTY_BODY = YES;
				CLANG_WARN_ENUM_CONVERSION = YES;
				CLANG_WARN_INFINITE_RECURSION = YES;
				CLANG_WARN_INT_CONVERSION = YES;
				CLANG_WARN_NON_LITERAL_NULL_CONVERSION = YES;
				CLANG_WARN_OBJC_IMPLICIT_RETAIN_SELF = YES;
				CLANG_WARN_OBJC_LITERAL_CONVERSION = YES;
				CLANG_WARN_OBJC_ROOT_CLASS = YES_ERROR;
				CLANG_WARN_QUOTED_INCLUDE_IN_FRAMEWORK_HEADER = YES;
				CLANG_WARN_RANGE_LOOP_ANALYSIS = YES;
				CLANG_WARN_STRICT_PROTOTYPES = YES;
				CLANG_WARN_SUSPICIOUS_MOVE = YES;
				CLANG_WARN_UNGUARDED_AVAILABILITY = YES_AGGRESSIVE;
				CLANG_WARN_UNREACHABLE_CODE = YES;
				CLANG_WARN__DUPLICATE_METHOD_MATCH = YES;
				COPY_PHASE_STRIP = NO;
				DEBUG_INFORMATION_FORMAT = dwarf;
				ENABLE_STRICT_OBJC_MSGSEND = YES;
				ENABLE_TESTABILITY = YES;
				GCC_C_LANGUAGE_STANDARD = gnu11;
				GCC_DYNAMIC_NO_PIC = NO;
				GCC_NO_COMMON_BLOCKS = YES;
				GCC_OPTIMIZATION_LEVEL = 0;
				GCC_PREPROCESSOR_DEFINITIONS = (
					"DEBUG=1",
					"$(inherited)",
				);
				GCC_WARN_64_TO_32_BIT_CONVERSION = YES;
				GCC_WARN_ABOUT_RETURN_TYPE = YES_ERROR;
				GCC_WARN_UNDECLARED_SELECTOR = YES;
				GCC_WARN_UNINITIALIZED_AUTOS = YES_AGGRESSIVE;
				GCC_WARN_UNUSED_FUNCTION = YES;
				GCC_WARN_UNUSED_VARIABLE = YES;
				IPHONEOS_DEPLOYMENT_TARGET = 14.5;
				MTL_ENABLE_DEBUG_INFO = INCLUDE_SOURCE;
				MTL_FAST_MATH = YES;
				ONLY_ACTIVE_ARCH = YES;
				SDKROOT = iphoneos;
				SWIFT_ACTIVE_COMPILATION_CONDITIONS = DEBUG;
				SWIFT_OPTIMIZATION_LEVEL = "-Onone";
			};
			name = Debug;
		};
		1AA056DC26BD2AE500343005 /* Release */ = {
			isa = XCBuildConfiguration;
			buildSettings = {
				ALWAYS_SEARCH_USER_PATHS = NO;
				CLANG_ANALYZER_LOCALIZABILITY_NONLOCALIZED = YES;
				CLANG_ANALYZER_NONNULL = YES;
				CLANG_ANALYZER_NUMBER_OBJECT_CONVERSION = YES_AGGRESSIVE;
				CLANG_CXX_LANGUAGE_STANDARD = "gnu++14";
				CLANG_CXX_LIBRARY = "libc++";
				CLANG_ENABLE_MODULES = YES;
				CLANG_ENABLE_OBJC_ARC = YES;
				CLANG_ENABLE_OBJC_WEAK = YES;
				CLANG_WARN_BLOCK_CAPTURE_AUTORELEASING = YES;
				CLANG_WARN_BOOL_CONVERSION = YES;
				CLANG_WARN_COMMA = YES;
				CLANG_WARN_CONSTANT_CONVERSION = YES;
				CLANG_WARN_DEPRECATED_OBJC_IMPLEMENTATIONS = YES;
				CLANG_WARN_DIRECT_OBJC_ISA_USAGE = YES_ERROR;
				CLANG_WARN_DOCUMENTATION_COMMENTS = YES;
				CLANG_WARN_EMPTY_BODY = YES;
				CLANG_WARN_ENUM_CONVERSION = YES;
				CLANG_WARN_INFINITE_RECURSION = YES;
				CLANG_WARN_INT_CONVERSION = YES;
				CLANG_WARN_NON_LITERAL_NULL_CONVERSION = YES;
				CLANG_WARN_OBJC_IMPLICIT_RETAIN_SELF = YES;
				CLANG_WARN_OBJC_LITERAL_CONVERSION = YES;
				CLANG_WARN_OBJC_ROOT_CLASS = YES_ERROR;
				CLANG_WARN_QUOTED_INCLUDE_IN_FRAMEWORK_HEADER = YES;
				CLANG_WARN_RANGE_LOOP_ANALYSIS = YES;
				CLANG_WARN_STRICT_PROTOTYPES = YES;
				CLANG_WARN_SUSPICIOUS_MOVE = YES;
				CLANG_WARN_UNGUARDED_AVAILABILITY = YES_AGGRESSIVE;
				CLANG_WARN_UNREACHABLE_CODE = YES;
				CLANG_WARN__DUPLICATE_METHOD_MATCH = YES;
				COPY_PHASE_STRIP = NO;
				DEBUG_INFORMATION_FORMAT = "dwarf-with-dsym";
				ENABLE_NS_ASSERTIONS = NO;
				ENABLE_STRICT_OBJC_MSGSEND = YES;
				GCC_C_LANGUAGE_STANDARD = gnu11;
				GCC_NO_COMMON_BLOCKS = YES;
				GCC_WARN_64_TO_32_BIT_CONVERSION = YES;
				GCC_WARN_ABOUT_RETURN_TYPE = YES_ERROR;
				GCC_WARN_UNDECLARED_SELECTOR = YES;
				GCC_WARN_UNINITIALIZED_AUTOS = YES_AGGRESSIVE;
				GCC_WARN_UNUSED_FUNCTION = YES;
				GCC_WARN_UNUSED_VARIABLE = YES;
				IPHONEOS_DEPLOYMENT_TARGET = 14.5;
				MTL_ENABLE_DEBUG_INFO = NO;
				MTL_FAST_MATH = YES;
				SDKROOT = iphoneos;
				SWIFT_COMPILATION_MODE = wholemodule;
				SWIFT_OPTIMIZATION_LEVEL = "-O";
				VALIDATE_PRODUCT = YES;
			};
			name = Release;
		};
		1AA056DE26BD2AE500343005 /* Debug */ = {
			isa = XCBuildConfiguration;
			baseConfigurationReference = 324240FE5E6B4AEFD2C4922B /* Pods-univIP.debug.xcconfig */;
			buildSettings = {
				ASSETCATALOG_COMPILER_APPICON_NAME = AppIcon;
				ASSETCATALOG_COMPILER_GLOBAL_ACCENT_COLOR_NAME = AccentColor;
				CODE_SIGN_STYLE = Automatic;
				CURRENT_PROJECT_VERSION = 1;
				DEVELOPMENT_TEAM = XSC9AJPSP3;
				"EXCLUDED_ARCHS[sdk=iphonesimulator*]" = arm64;
				HEADER_SEARCH_PATHS = (
					"$(inherited)",
					"\"${PODS_CONFIGURATION_BUILD_DIR}/KeychainAccess/KeychainAccess.framework/Headers\"",
					"\"${PODS_CONFIGURATION_BUILD_DIR}/R.swift.Library/Rswift.framework/Headers\"",
					"\"${PODS_CONFIGURATION_BUILD_DIR}/WebViewJavascriptBridge/WebViewJavascriptBridge.framework/Headers\"",
					"\"${PODS_ROOT}/Headers/Public\"",
					"\"${PODS_ROOT}/Headers/Public/mailcore2-ios\"",
					"\"${PODS_ROOT}/Headers/Public/mailcore2-ios/MailCore\"",
				);
				INFOPLIST_FILE = univIP/App/etc/Info.plist;
				IPHONEOS_DEPLOYMENT_TARGET = 14.0;
				LD_RUNPATH_SEARCH_PATHS = (
					"$(inherited)",
					"@executable_path/Frameworks",
				);
				MACOSX_DEPLOYMENT_TARGET = 11.3;
				MARKETING_VERSION = 2.1.0;
				ONLY_ACTIVE_ARCH = NO;
				PRODUCT_BUNDLE_IDENTIFIER = com.akidon0000.univip;
				PRODUCT_NAME = "$(TARGET_NAME)";
				SWIFT_OBJC_BRIDGING_HEADER = "";
				SWIFT_VERSION = 5.0;
				TARGETED_DEVICE_FAMILY = "1,2";
			};
			name = Debug;
		};
		1AA056DF26BD2AE500343005 /* Release */ = {
			isa = XCBuildConfiguration;
			baseConfigurationReference = 96922F0FD891CFB5632A8290 /* Pods-univIP.release.xcconfig */;
			buildSettings = {
				ASSETCATALOG_COMPILER_APPICON_NAME = AppIcon;
				ASSETCATALOG_COMPILER_GLOBAL_ACCENT_COLOR_NAME = AccentColor;
				CODE_SIGN_STYLE = Automatic;
				CURRENT_PROJECT_VERSION = 1;
				DEVELOPMENT_TEAM = XSC9AJPSP3;
				"EXCLUDED_ARCHS[sdk=iphonesimulator*]" = arm64;
				HEADER_SEARCH_PATHS = (
					"$(inherited)",
					"\"${PODS_CONFIGURATION_BUILD_DIR}/KeychainAccess/KeychainAccess.framework/Headers\"",
					"\"${PODS_CONFIGURATION_BUILD_DIR}/R.swift.Library/Rswift.framework/Headers\"",
					"\"${PODS_CONFIGURATION_BUILD_DIR}/WebViewJavascriptBridge/WebViewJavascriptBridge.framework/Headers\"",
					"\"${PODS_ROOT}/Headers/Public\"",
					"\"${PODS_ROOT}/Headers/Public/mailcore2-ios\"",
					"\"${PODS_ROOT}/Headers/Public/mailcore2-ios/MailCore\"",
				);
				INFOPLIST_FILE = univIP/App/etc/Info.plist;
				IPHONEOS_DEPLOYMENT_TARGET = 14.0;
				LD_RUNPATH_SEARCH_PATHS = (
					"$(inherited)",
					"@executable_path/Frameworks",
				);
				MACOSX_DEPLOYMENT_TARGET = 11.3;
				MARKETING_VERSION = 2.1.0;
				PRODUCT_BUNDLE_IDENTIFIER = com.akidon0000.univip;
				PRODUCT_NAME = "$(TARGET_NAME)";
				SWIFT_OBJC_BRIDGING_HEADER = "";
				SWIFT_VERSION = 5.0;
				TARGETED_DEVICE_FAMILY = "1,2";
			};
			name = Release;
		};
		1AB37B7426FDFCEA008A2D2F /* Debug */ = {
			isa = XCBuildConfiguration;
			baseConfigurationReference = 846F548F1EA4F2D8D7589A43 /* Pods-univIPTests.debug.xcconfig */;
			buildSettings = {
				BUNDLE_LOADER = "$(TEST_HOST)";
				CODE_SIGN_STYLE = Automatic;
				DEVELOPMENT_TEAM = XSC9AJPSP3;
				INFOPLIST_FILE = univIPTests/Info.plist;
				LD_RUNPATH_SEARCH_PATHS = (
					"$(inherited)",
					"@executable_path/Frameworks",
					"@loader_path/Frameworks",
				);
				PRODUCT_BUNDLE_IDENTIFIER = com.art.akidon.univIPTests;
				PRODUCT_NAME = "$(TARGET_NAME)";
				SWIFT_VERSION = 5.0;
				TARGETED_DEVICE_FAMILY = "1,2";
				TEST_HOST = "$(BUILT_PRODUCTS_DIR)/univIP.app/univIP";
			};
			name = Debug;
		};
		1AB37B7526FDFCEA008A2D2F /* Release */ = {
			isa = XCBuildConfiguration;
			baseConfigurationReference = E8738544EDFC65E519A3C4D3 /* Pods-univIPTests.release.xcconfig */;
			buildSettings = {
				BUNDLE_LOADER = "$(TEST_HOST)";
				CODE_SIGN_STYLE = Automatic;
				DEVELOPMENT_TEAM = XSC9AJPSP3;
				INFOPLIST_FILE = univIPTests/Info.plist;
				LD_RUNPATH_SEARCH_PATHS = (
					"$(inherited)",
					"@executable_path/Frameworks",
					"@loader_path/Frameworks",
				);
				PRODUCT_BUNDLE_IDENTIFIER = com.art.akidon.univIPTests;
				PRODUCT_NAME = "$(TARGET_NAME)";
				SWIFT_VERSION = 5.0;
				TARGETED_DEVICE_FAMILY = "1,2";
				TEST_HOST = "$(BUILT_PRODUCTS_DIR)/univIP.app/univIP";
			};
			name = Release;
		};
		1AB37B8226FDFCF4008A2D2F /* Debug */ = {
			isa = XCBuildConfiguration;
			buildSettings = {
				CODE_SIGN_STYLE = Automatic;
				DEVELOPMENT_TEAM = XSC9AJPSP3;
				INFOPLIST_FILE = univIPUITests/Info.plist;
				LD_RUNPATH_SEARCH_PATHS = (
					"$(inherited)",
					"@executable_path/Frameworks",
					"@loader_path/Frameworks",
				);
				PRODUCT_BUNDLE_IDENTIFIER = com.art.akidon.univIPUITests;
				PRODUCT_NAME = "$(TARGET_NAME)";
				SWIFT_VERSION = 5.0;
				TARGETED_DEVICE_FAMILY = "1,2";
				TEST_TARGET_NAME = univIP;
			};
			name = Debug;
		};
		1AB37B8326FDFCF4008A2D2F /* Release */ = {
			isa = XCBuildConfiguration;
			buildSettings = {
				CODE_SIGN_STYLE = Automatic;
				DEVELOPMENT_TEAM = XSC9AJPSP3;
				INFOPLIST_FILE = univIPUITests/Info.plist;
				LD_RUNPATH_SEARCH_PATHS = (
					"$(inherited)",
					"@executable_path/Frameworks",
					"@loader_path/Frameworks",
				);
				PRODUCT_BUNDLE_IDENTIFIER = com.art.akidon.univIPUITests;
				PRODUCT_NAME = "$(TARGET_NAME)";
				SWIFT_VERSION = 5.0;
				TARGETED_DEVICE_FAMILY = "1,2";
				TEST_TARGET_NAME = univIP;
			};
			name = Release;
		};
/* End XCBuildConfiguration section */

/* Begin XCConfigurationList section */
		1AA056C426BD2AE100343005 /* Build configuration list for PBXProject "univIP" */ = {
			isa = XCConfigurationList;
			buildConfigurations = (
				1AA056DB26BD2AE500343005 /* Debug */,
				1AA056DC26BD2AE500343005 /* Release */,
			);
			defaultConfigurationIsVisible = 0;
			defaultConfigurationName = Release;
		};
		1AA056DD26BD2AE500343005 /* Build configuration list for PBXNativeTarget "univIP" */ = {
			isa = XCConfigurationList;
			buildConfigurations = (
				1AA056DE26BD2AE500343005 /* Debug */,
				1AA056DF26BD2AE500343005 /* Release */,
			);
			defaultConfigurationIsVisible = 0;
			defaultConfigurationName = Release;
		};
		1AB37B7326FDFCEA008A2D2F /* Build configuration list for PBXNativeTarget "univIPTests" */ = {
			isa = XCConfigurationList;
			buildConfigurations = (
				1AB37B7426FDFCEA008A2D2F /* Debug */,
				1AB37B7526FDFCEA008A2D2F /* Release */,
			);
			defaultConfigurationIsVisible = 0;
			defaultConfigurationName = Release;
		};
		1AB37B8126FDFCF4008A2D2F /* Build configuration list for PBXNativeTarget "univIPUITests" */ = {
			isa = XCConfigurationList;
			buildConfigurations = (
				1AB37B8226FDFCF4008A2D2F /* Debug */,
				1AB37B8326FDFCF4008A2D2F /* Release */,
			);
			defaultConfigurationIsVisible = 0;
			defaultConfigurationName = Release;
		};
/* End XCConfigurationList section */
	};
	rootObject = 1AA056C126BD2AE100343005 /* Project object */;
}
